// !$*UTF8*$!
{
	archiveVersion = 1;
	classes = {
	};
	objectVersion = 56;
	objects = {

/* Begin PBXBuildFile section */
		DBBFDBED2A9CACC9005913BD /* main.swift in Sources */ = {isa = PBXBuildFile; fileRef = DBBFDBCC2A9CACC7005913BD /* main.swift */; };
		DBBFDBEE2A9CACC9005913BD /* Question278.swift in Sources */ = {isa = PBXBuildFile; fileRef = DBBFDBCE2A9CACC7005913BD /* Question278.swift */; };
		DBBFDBEF2A9CACC9005913BD /* Question283.swift in Sources */ = {isa = PBXBuildFile; fileRef = DBBFDBD02A9CACC7005913BD /* Question283.swift */; };
		DBBFDBF02A9CACC9005913BD /* Qustion136.swift in Sources */ = {isa = PBXBuildFile; fileRef = DBBFDBD22A9CACC8005913BD /* Qustion136.swift */; };
		DBBFDBF12A9CACC9005913BD /* Question977.swift in Sources */ = {isa = PBXBuildFile; fileRef = DBBFDBD42A9CACC8005913BD /* Question977.swift */; };
		DBBFDBF22A9CACC9005913BD /* Question5.swift in Sources */ = {isa = PBXBuildFile; fileRef = DBBFDBD62A9CACC8005913BD /* Question5.swift */; };
		DBBFDBF32A9CACC9005913BD /* Question167.swift in Sources */ = {isa = PBXBuildFile; fileRef = DBBFDBD82A9CACC8005913BD /* Question167.swift */; };
		DBBFDBF42A9CACC9005913BD /* Sort.swift in Sources */ = {isa = PBXBuildFile; fileRef = DBBFDBDA2A9CACC8005913BD /* Sort.swift */; };
		DBBFDBF52A9CACC9005913BD /* Question3.swift in Sources */ = {isa = PBXBuildFile; fileRef = DBBFDBDD2A9CACC8005913BD /* Question3.swift */; };
		DBBFDBF62A9CACC9005913BD /* Question22.swift in Sources */ = {isa = PBXBuildFile; fileRef = DBBFDBDF2A9CACC8005913BD /* Question22.swift */; };
		DBBFDBF72A9CACC9005913BD /* Question189.swift in Sources */ = {isa = PBXBuildFile; fileRef = DBBFDBE12A9CACC9005913BD /* Question189.swift */; };
		DBBFDBF82A9CACC9005913BD /* String+Ex.swift in Sources */ = {isa = PBXBuildFile; fileRef = DBBFDBE32A9CACC9005913BD /* String+Ex.swift */; };
		DBBFDBF92A9CACC9005913BD /* String+Extension.swift in Sources */ = {isa = PBXBuildFile; fileRef = DBBFDBE42A9CACC9005913BD /* String+Extension.swift */; };
		DBBFDBFA2A9CACC9005913BD /* Question35.swift in Sources */ = {isa = PBXBuildFile; fileRef = DBBFDBE62A9CACC9005913BD /* Question35.swift */; };
		DBBFDBFB2A9CACC9005913BD /* Question704.swift in Sources */ = {isa = PBXBuildFile; fileRef = DBBFDBE82A9CACC9005913BD /* Question704.swift */; };
		DBBFDBFC2A9CACC9005913BD /* Question6.swift in Sources */ = {isa = PBXBuildFile; fileRef = DBBFDBEA2A9CACC9005913BD /* Question6.swift */; };
		DBBFDBFD2A9CACC9005913BD /* Question11.swift in Sources */ = {isa = PBXBuildFile; fileRef = DBBFDBEC2A9CACC9005913BD /* Question11.swift */; };
/* End PBXBuildFile section */

/* Begin PBXCopyFilesBuildPhase section */
		DBBFDBC02A9CACAB005913BD /* CopyFiles */ = {
			isa = PBXCopyFilesBuildPhase;
			buildActionMask = 2147483647;
			dstPath = /usr/share/man/man1/;
			dstSubfolderSpec = 0;
			files = (
			);
			runOnlyForDeploymentPostprocessing = 1;
		};
/* End PBXCopyFilesBuildPhase section */

/* Begin PBXFileReference section */
		DBBFDBC22A9CACAB005913BD /* LeetCode_Swift */ = {isa = PBXFileReference; explicitFileType = "compiled.mach-o.executable"; includeInIndex = 0; path = LeetCode_Swift; sourceTree = BUILT_PRODUCTS_DIR; };
		DBBFDBCC2A9CACC7005913BD /* main.swift */ = {isa = PBXFileReference; fileEncoding = 4; lastKnownFileType = sourcecode.swift; name = main.swift; path = ../../XGDDemo/XGDDemo_Leetcode/main.swift; sourceTree = "<group>"; };
		DBBFDBCE2A9CACC7005913BD /* Question278.swift */ = {isa = PBXFileReference; fileEncoding = 4; lastKnownFileType = sourcecode.swift; path = Question278.swift; sourceTree = "<group>"; };
		DBBFDBD02A9CACC7005913BD /* Question283.swift */ = {isa = PBXFileReference; fileEncoding = 4; lastKnownFileType = sourcecode.swift; path = Question283.swift; sourceTree = "<group>"; };
		DBBFDBD22A9CACC8005913BD /* Qustion136.swift */ = {isa = PBXFileReference; fileEncoding = 4; lastKnownFileType = sourcecode.swift; path = Qustion136.swift; sourceTree = "<group>"; };
		DBBFDBD42A9CACC8005913BD /* Question977.swift */ = {isa = PBXFileReference; fileEncoding = 4; lastKnownFileType = sourcecode.swift; path = Question977.swift; sourceTree = "<group>"; };
		DBBFDBD62A9CACC8005913BD /* Question5.swift */ = {isa = PBXFileReference; fileEncoding = 4; lastKnownFileType = sourcecode.swift; path = Question5.swift; sourceTree = "<group>"; };
		DBBFDBD82A9CACC8005913BD /* Question167.swift */ = {isa = PBXFileReference; fileEncoding = 4; lastKnownFileType = sourcecode.swift; path = Question167.swift; sourceTree = "<group>"; };
		DBBFDBDA2A9CACC8005913BD /* Sort.swift */ = {isa = PBXFileReference; fileEncoding = 4; lastKnownFileType = sourcecode.swift; path = Sort.swift; sourceTree = "<group>"; };
		DBBFDBDD2A9CACC8005913BD /* Question3.swift */ = {isa = PBXFileReference; fileEncoding = 4; lastKnownFileType = sourcecode.swift; path = Question3.swift; sourceTree = "<group>"; };
		DBBFDBDF2A9CACC8005913BD /* Question22.swift */ = {isa = PBXFileReference; fileEncoding = 4; lastKnownFileType = sourcecode.swift; path = Question22.swift; sourceTree = "<group>"; };
		DBBFDBE12A9CACC9005913BD /* Question189.swift */ = {isa = PBXFileReference; fileEncoding = 4; lastKnownFileType = sourcecode.swift; path = Question189.swift; sourceTree = "<group>"; };
		DBBFDBE32A9CACC9005913BD /* String+Ex.swift */ = {isa = PBXFileReference; fileEncoding = 4; lastKnownFileType = sourcecode.swift; path = "String+Ex.swift"; sourceTree = "<group>"; };
		DBBFDBE42A9CACC9005913BD /* String+Extension.swift */ = {isa = PBXFileReference; fileEncoding = 4; lastKnownFileType = sourcecode.swift; path = "String+Extension.swift"; sourceTree = "<group>"; };
		DBBFDBE62A9CACC9005913BD /* Question35.swift */ = {isa = PBXFileReference; fileEncoding = 4; lastKnownFileType = sourcecode.swift; path = Question35.swift; sourceTree = "<group>"; };
		DBBFDBE82A9CACC9005913BD /* Question704.swift */ = {isa = PBXFileReference; fileEncoding = 4; lastKnownFileType = sourcecode.swift; path = Question704.swift; sourceTree = "<group>"; };
		DBBFDBEA2A9CACC9005913BD /* Question6.swift */ = {isa = PBXFileReference; fileEncoding = 4; lastKnownFileType = sourcecode.swift; path = Question6.swift; sourceTree = "<group>"; };
		DBBFDBEC2A9CACC9005913BD /* Question11.swift */ = {isa = PBXFileReference; fileEncoding = 4; lastKnownFileType = sourcecode.swift; path = Question11.swift; sourceTree = "<group>"; };
/* End PBXFileReference section */

/* Begin PBXFrameworksBuildPhase section */
		DBBFDBBF2A9CACAB005913BD /* Frameworks */ = {
			isa = PBXFrameworksBuildPhase;
			buildActionMask = 2147483647;
			files = (
			);
			runOnlyForDeploymentPostprocessing = 0;
		};
/* End PBXFrameworksBuildPhase section */

/* Begin PBXGroup section */
		DBBFDBB92A9CACAB005913BD = {
			isa = PBXGroup;
			children = (
				DBBFDBC42A9CACAB005913BD /* LeetCode_Swift */,
				DBBFDBC32A9CACAB005913BD /* Products */,
			);
			sourceTree = "<group>";
		};
		DBBFDBC32A9CACAB005913BD /* Products */ = {
			isa = PBXGroup;
			children = (
				DBBFDBC22A9CACAB005913BD /* LeetCode_Swift */,
			);
			name = Products;
			sourceTree = "<group>";
		};
		DBBFDBC42A9CACAB005913BD /* LeetCode_Swift */ = {
			isa = PBXGroup;
			children = (
				DBBFDBCC2A9CACC7005913BD /* main.swift */,
				DBBFDBDC2A9CACC8005913BD /* 3. 无重复字符的最长子串 */,
				DBBFDBD52A9CACC8005913BD /* 5. 最长回文子串  */,
				DBBFDBE92A9CACC9005913BD /* 6. N 字形变换  */,
				DBBFDBEB2A9CACC9005913BD /* 11. 盛最多水的容器 */,
				DBBFDBDE2A9CACC8005913BD /* 22. 括号生成 */,
				DBBFDBE52A9CACC9005913BD /* 35. 搜索插入位置  */,
				DBBFDBD12A9CACC8005913BD /* 136. 只出现一次的数字  */,
				DBBFDBD72A9CACC8005913BD /* 167. 两数之和 II - 输入有序数组  */,
				DBBFDBE02A9CACC8005913BD /* 189. 轮转数组  */,
				DBBFDBCD2A9CACC7005913BD /* 278. 第一个错误的版本  */,
				DBBFDBCF2A9CACC7005913BD /* 283. 移动零  */,
				DBBFDBE72A9CACC9005913BD /* 704. 二分查找  */,
				DBBFDBD32A9CACC8005913BD /* 977. 有序数组的平方  */,
				DBBFDBD92A9CACC8005913BD /* 数组排序 */,
				DBBFDBE22A9CACC9005913BD /* 拓展 */,
			);
			path = LeetCode_Swift;
			sourceTree = "<group>";
		};
		DBBFDBCD2A9CACC7005913BD /* 278. 第一个错误的版本  */ = {
			isa = PBXGroup;
			children = (
				DBBFDBCE2A9CACC7005913BD /* Question278.swift */,
			);
			path = "278. 第一个错误的版本 ";
			sourceTree = "<group>";
		};
		DBBFDBCF2A9CACC7005913BD /* 283. 移动零  */ = {
			isa = PBXGroup;
			children = (
				DBBFDBD02A9CACC7005913BD /* Question283.swift */,
			);
			path = "283. 移动零 ";
			sourceTree = "<group>";
		};
		DBBFDBD12A9CACC8005913BD /* 136. 只出现一次的数字  */ = {
			isa = PBXGroup;
			children = (
				DBBFDBD22A9CACC8005913BD /* Qustion136.swift */,
			);
			path = "136. 只出现一次的数字 ";
			sourceTree = "<group>";
		};
		DBBFDBD32A9CACC8005913BD /* 977. 有序数组的平方  */ = {
			isa = PBXGroup;
			children = (
				DBBFDBD42A9CACC8005913BD /* Question977.swift */,
			);
			path = "977. 有序数组的平方 ";
			sourceTree = "<group>";
		};
		DBBFDBD52A9CACC8005913BD /* 5. 最长回文子串  */ = {
			isa = PBXGroup;
			children = (
				DBBFDBD62A9CACC8005913BD /* Question5.swift */,
			);
			path = "5. 最长回文子串 ";
			sourceTree = "<group>";
		};
		DBBFDBD72A9CACC8005913BD /* 167. 两数之和 II - 输入有序数组  */ = {
			isa = PBXGroup;
			children = (
				DBBFDBD82A9CACC8005913BD /* Question167.swift */,
			);
			path = "167. 两数之和 II - 输入有序数组 ";
			sourceTree = "<group>";
		};
		DBBFDBD92A9CACC8005913BD /* 数组排序 */ = {
			isa = PBXGroup;
			children = (
				DBBFDBDA2A9CACC8005913BD /* Sort.swift */,
			);
			path = "数组排序";
			sourceTree = "<group>";
		};
		DBBFDBDC2A9CACC8005913BD /* 3. 无重复字符的最长子串 */ = {
			isa = PBXGroup;
			children = (
				DBBFDBDD2A9CACC8005913BD /* Question3.swift */,
			);
			path = "3. 无重复字符的最长子串";
			sourceTree = "<group>";
		};
		DBBFDBDE2A9CACC8005913BD /* 22. 括号生成 */ = {
			isa = PBXGroup;
			children = (
				DBBFDBDF2A9CACC8005913BD /* Question22.swift */,
			);
			path = "22. 括号生成";
			sourceTree = "<group>";
		};
		DBBFDBE02A9CACC8005913BD /* 189. 轮转数组  */ = {
			isa = PBXGroup;
			children = (
				DBBFDBE12A9CACC9005913BD /* Question189.swift */,
			);
			path = "189. 轮转数组 ";
			sourceTree = "<group>";
		};
		DBBFDBE22A9CACC9005913BD /* 拓展 */ = {
			isa = PBXGroup;
			children = (
				DBBFDBE32A9CACC9005913BD /* String+Ex.swift */,
				DBBFDBE42A9CACC9005913BD /* String+Extension.swift */,
			);
			path = "拓展";
			sourceTree = "<group>";
		};
		DBBFDBE52A9CACC9005913BD /* 35. 搜索插入位置  */ = {
			isa = PBXGroup;
			children = (
				DBBFDBE62A9CACC9005913BD /* Question35.swift */,
			);
			path = "35. 搜索插入位置 ";
			sourceTree = "<group>";
		};
		DBBFDBE72A9CACC9005913BD /* 704. 二分查找  */ = {
			isa = PBXGroup;
			children = (
				DBBFDBE82A9CACC9005913BD /* Question704.swift */,
			);
			path = "704. 二分查找 ";
			sourceTree = "<group>";
		};
		DBBFDBE92A9CACC9005913BD /* 6. N 字形变换  */ = {
			isa = PBXGroup;
			children = (
				DBBFDBEA2A9CACC9005913BD /* Question6.swift */,
			);
			path = "6. N 字形变换 ";
			sourceTree = "<group>";
		};
		DBBFDBEB2A9CACC9005913BD /* 11. 盛最多水的容器 */ = {
			isa = PBXGroup;
			children = (
				DBBFDBEC2A9CACC9005913BD /* Question11.swift */,
			);
			path = "11. 盛最多水的容器";
			sourceTree = "<group>";
		};
/* End PBXGroup section */

/* Begin PBXNativeTarget section */
		DBBFDBC12A9CACAB005913BD /* LeetCode_Swift */ = {
			isa = PBXNativeTarget;
			buildConfigurationList = DBBFDBC92A9CACAB005913BD /* Build configuration list for PBXNativeTarget "LeetCode_Swift" */;
			buildPhases = (
				DBBFDBBE2A9CACAB005913BD /* Sources */,
				DBBFDBBF2A9CACAB005913BD /* Frameworks */,
				DBBFDBC02A9CACAB005913BD /* CopyFiles */,
			);
			buildRules = (
			);
			dependencies = (
			);
			name = LeetCode_Swift;
			productName = LeetCode_Swift;
			productReference = DBBFDBC22A9CACAB005913BD /* LeetCode_Swift */;
			productType = "com.apple.product-type.tool";
		};
/* End PBXNativeTarget section */

/* Begin PBXProject section */
		DBBFDBBA2A9CACAB005913BD /* Project object */ = {
			isa = PBXProject;
			attributes = {
				BuildIndependentTargetsInParallel = 1;
				LastSwiftUpdateCheck = 1420;
				LastUpgradeCheck = 1420;
				TargetAttributes = {
					DBBFDBC12A9CACAB005913BD = {
						CreatedOnToolsVersion = 14.2;
					};
				};
			};
			buildConfigurationList = DBBFDBBD2A9CACAB005913BD /* Build configuration list for PBXProject "LeetCode_Swift" */;
			compatibilityVersion = "Xcode 14.0";
			developmentRegion = en;
			hasScannedForEncodings = 0;
			knownRegions = (
				en,
				Base,
			);
			mainGroup = DBBFDBB92A9CACAB005913BD;
			productRefGroup = DBBFDBC32A9CACAB005913BD /* Products */;
			projectDirPath = "";
			projectRoot = "";
			targets = (
				DBBFDBC12A9CACAB005913BD /* LeetCode_Swift */,
			);
		};
/* End PBXProject section */

/* Begin PBXSourcesBuildPhase section */
		DBBFDBBE2A9CACAB005913BD /* Sources */ = {
			isa = PBXSourcesBuildPhase;
			buildActionMask = 2147483647;
			files = (
				DBBFDBED2A9CACC9005913BD /* main.swift in Sources */,
				DBBFDBEF2A9CACC9005913BD /* Question283.swift in Sources */,
				DBBFDBF72A9CACC9005913BD /* Question189.swift in Sources */,
				DBBFDBF82A9CACC9005913BD /* String+Ex.swift in Sources */,
				DBBFDBF42A9CACC9005913BD /* Sort.swift in Sources */,
				DBBFDBFA2A9CACC9005913BD /* Question35.swift in Sources */,
				DBBFDBF32A9CACC9005913BD /* Question167.swift in Sources */,
				DBBFDBF62A9CACC9005913BD /* Question22.swift in Sources */,
				DBBFDBF92A9CACC9005913BD /* String+Extension.swift in Sources */,
				DBBFDBF02A9CACC9005913BD /* Qustion136.swift in Sources */,
				DBBFDBFD2A9CACC9005913BD /* Question11.swift in Sources */,
				DBBFDBEE2A9CACC9005913BD /* Question278.swift in Sources */,
				DBBFDBF52A9CACC9005913BD /* Question3.swift in Sources */,
				DBBFDBF12A9CACC9005913BD /* Question977.swift in Sources */,
				DBBFDBF22A9CACC9005913BD /* Question5.swift in Sources */,
				DBBFDBFB2A9CACC9005913BD /* Question704.swift in Sources */,
				DBBFDBFC2A9CACC9005913BD /* Question6.swift in Sources */,
			);
			runOnlyForDeploymentPostprocessing = 0;
		};
/* End PBXSourcesBuildPhase section */

/* Begin XCBuildConfiguration section */
		DBBFDBC72A9CACAB005913BD /* Debug */ = {
			isa = XCBuildConfiguration;
			buildSettings = {
				ALWAYS_SEARCH_USER_PATHS = NO;
				CLANG_ANALYZER_NONNULL = YES;
				CLANG_ANALYZER_NUMBER_OBJECT_CONVERSION = YES_AGGRESSIVE;
				CLANG_CXX_LANGUAGE_STANDARD = "gnu++20";
				CLANG_ENABLE_MODULES = YES;
				CLANG_ENABLE_OBJC_ARC = YES;
				CLANG_ENABLE_OBJC_WEAK = YES;
				CLANG_WARN_BLOCK_CAPTURE_AUTORELEASING = YES;
				CLANG_WARN_BOOL_CONVERSION = YES;
				CLANG_WARN_COMMA = YES;
				CLANG_WARN_CONSTANT_CONVERSION = YES;
				CLANG_WARN_DEPRECATED_OBJC_IMPLEMENTATIONS = YES;
				CLANG_WARN_DIRECT_OBJC_ISA_USAGE = YES_ERROR;
				CLANG_WARN_DOCUMENTATION_COMMENTS = YES;
				CLANG_WARN_EMPTY_BODY = YES;
				CLANG_WARN_ENUM_CONVERSION = YES;
				CLANG_WARN_INFINITE_RECURSION = YES;
				CLANG_WARN_INT_CONVERSION = YES;
				CLANG_WARN_NON_LITERAL_NULL_CONVERSION = YES;
				CLANG_WARN_OBJC_IMPLICIT_RETAIN_SELF = YES;
				CLANG_WARN_OBJC_LITERAL_CONVERSION = YES;
				CLANG_WARN_OBJC_ROOT_CLASS = YES_ERROR;
				CLANG_WARN_QUOTED_INCLUDE_IN_FRAMEWORK_HEADER = YES;
				CLANG_WARN_RANGE_LOOP_ANALYSIS = YES;
				CLANG_WARN_STRICT_PROTOTYPES = YES;
				CLANG_WARN_SUSPICIOUS_MOVE = YES;
				CLANG_WARN_UNGUARDED_AVAILABILITY = YES_AGGRESSIVE;
				CLANG_WARN_UNREACHABLE_CODE = YES;
				CLANG_WARN__DUPLICATE_METHOD_MATCH = YES;
				COPY_PHASE_STRIP = NO;
				DEBUG_INFORMATION_FORMAT = dwarf;
				ENABLE_STRICT_OBJC_MSGSEND = YES;
				ENABLE_TESTABILITY = YES;
				GCC_C_LANGUAGE_STANDARD = gnu11;
				GCC_DYNAMIC_NO_PIC = NO;
				GCC_NO_COMMON_BLOCKS = YES;
				GCC_OPTIMIZATION_LEVEL = 0;
				GCC_PREPROCESSOR_DEFINITIONS = (
					"DEBUG=1",
					"$(inherited)",
				);
				GCC_WARN_64_TO_32_BIT_CONVERSION = YES;
				GCC_WARN_ABOUT_RETURN_TYPE = YES_ERROR;
				GCC_WARN_UNDECLARED_SELECTOR = YES;
				GCC_WARN_UNINITIALIZED_AUTOS = YES_AGGRESSIVE;
				GCC_WARN_UNUSED_FUNCTION = YES;
				GCC_WARN_UNUSED_VARIABLE = YES;
				MACOSX_DEPLOYMENT_TARGET = 12.6;
				MTL_ENABLE_DEBUG_INFO = INCLUDE_SOURCE;
				MTL_FAST_MATH = YES;
				ONLY_ACTIVE_ARCH = YES;
				SDKROOT = macosx;
				SWIFT_ACTIVE_COMPILATION_CONDITIONS = DEBUG;
				SWIFT_OPTIMIZATION_LEVEL = "-Onone";
			};
			name = Debug;
		};
		DBBFDBC82A9CACAB005913BD /* Release */ = {
			isa = XCBuildConfiguration;
			buildSettings = {
				ALWAYS_SEARCH_USER_PATHS = NO;
				CLANG_ANALYZER_NONNULL = YES;
				CLANG_ANALYZER_NUMBER_OBJECT_CONVERSION = YES_AGGRESSIVE;
				CLANG_CXX_LANGUAGE_STANDARD = "gnu++20";
				CLANG_ENABLE_MODULES = YES;
				CLANG_ENABLE_OBJC_ARC = YES;
				CLANG_ENABLE_OBJC_WEAK = YES;
				CLANG_WARN_BLOCK_CAPTURE_AUTORELEASING = YES;
				CLANG_WARN_BOOL_CONVERSION = YES;
				CLANG_WARN_COMMA = YES;
				CLANG_WARN_CONSTANT_CONVERSION = YES;
				CLANG_WARN_DEPRECATED_OBJC_IMPLEMENTATIONS = YES;
				CLANG_WARN_DIRECT_OBJC_ISA_USAGE = YES_ERROR;
				CLANG_WARN_DOCUMENTATION_COMMENTS = YES;
				CLANG_WARN_EMPTY_BODY = YES;
				CLANG_WARN_ENUM_CONVERSION = YES;
				CLANG_WARN_INFINITE_RECURSION = YES;
				CLANG_WARN_INT_CONVERSION = YES;
				CLANG_WARN_NON_LITERAL_NULL_CONVERSION = YES;
				CLANG_WARN_OBJC_IMPLICIT_RETAIN_SELF = YES;
				CLANG_WARN_OBJC_LITERAL_CONVERSION = YES;
				CLANG_WARN_OBJC_ROOT_CLASS = YES_ERROR;
				CLANG_WARN_QUOTED_INCLUDE_IN_FRAMEWORK_HEADER = YES;
				CLANG_WARN_RANGE_LOOP_ANALYSIS = YES;
				CLANG_WARN_STRICT_PROTOTYPES = YES;
				CLANG_WARN_SUSPICIOUS_MOVE = YES;
				CLANG_WARN_UNGUARDED_AVAILABILITY = YES_AGGRESSIVE;
				CLANG_WARN_UNREACHABLE_CODE = YES;
				CLANG_WARN__DUPLICATE_METHOD_MATCH = YES;
				COPY_PHASE_STRIP = NO;
				DEBUG_INFORMATION_FORMAT = "dwarf-with-dsym";
				ENABLE_NS_ASSERTIONS = NO;
				ENABLE_STRICT_OBJC_MSGSEND = YES;
				GCC_C_LANGUAGE_STANDARD = gnu11;
				GCC_NO_COMMON_BLOCKS = YES;
				GCC_WARN_64_TO_32_BIT_CONVERSION = YES;
				GCC_WARN_ABOUT_RETURN_TYPE = YES_ERROR;
				GCC_WARN_UNDECLARED_SELECTOR = YES;
				GCC_WARN_UNINITIALIZED_AUTOS = YES_AGGRESSIVE;
				GCC_WARN_UNUSED_FUNCTION = YES;
				GCC_WARN_UNUSED_VARIABLE = YES;
				MACOSX_DEPLOYMENT_TARGET = 12.6;
				MTL_ENABLE_DEBUG_INFO = NO;
				MTL_FAST_MATH = YES;
				SDKROOT = macosx;
				SWIFT_COMPILATION_MODE = wholemodule;
				SWIFT_OPTIMIZATION_LEVEL = "-O";
			};
			name = Release;
		};
		DBBFDBCA2A9CACAB005913BD /* Debug */ = {
			isa = XCBuildConfiguration;
			buildSettings = {
				CODE_SIGN_STYLE = Automatic;
				PRODUCT_NAME = "$(TARGET_NAME)";
				SWIFT_VERSION = 5.0;
			};
			name = Debug;
		};
		DBBFDBCB2A9CACAB005913BD /* Release */ = {
			isa = XCBuildConfiguration;
			buildSettings = {
				CODE_SIGN_STYLE = Automatic;
				PRODUCT_NAME = "$(TARGET_NAME)";
				SWIFT_VERSION = 5.0;
			};
			name = Release;
		};
/* End XCBuildConfiguration section */

/* Begin XCConfigurationList section */
		DBBFDBBD2A9CACAB005913BD /* Build configuration list for PBXProject "LeetCode_Swift" */ = {
			isa = XCConfigurationList;
			buildConfigurations = (
				DBBFDBC72A9CACAB005913BD /* Debug */,
				DBBFDBC82A9CACAB005913BD /* Release */,
			);
			defaultConfigurationIsVisible = 0;
			defaultConfigurationName = Release;
		};
		DBBFDBC92A9CACAB005913BD /* Build configuration list for PBXNativeTarget "LeetCode_Swift" */ = {
			isa = XCConfigurationList;
			buildConfigurations = (
				DBBFDBCA2A9CACAB005913BD /* Debug */,
				DBBFDBCB2A9CACAB005913BD /* Release */,
			);
			defaultConfigurationIsVisible = 0;
			defaultConfigurationName = Release;
		};
/* End XCConfigurationList section */
	};
	rootObject = DBBFDBBA2A9CACAB005913BD /* Project object */;
}
